
Microsoft Visual Studio Solution File, Format Version 12.00
# Visual Studio Version 17
VisualStudioVersion = 17.7.34221.43
MinimumVisualStudioVersion = 10.0.40219.1
Project("{FAE04EC0-301F-11D3-BF4B-00C04F79EFBC}") = "AlleycatApp.Auth", "AlleycatApp.Auth\AlleycatApp.Auth.csproj", "{724A8697-FE28-4CCA-8050-357BFAE0FC85}"
EndProject
Project("{FAE04EC0-301F-11D3-BF4B-00C04F79EFBC}") = "AlleycatApp.Auth.Tests", "AlleycatApp.Auth.Tests\AlleycatApp.Auth.Tests.csproj", "{98EA1B30-4D26-4ABB-A218-67C64999AF68}"
EndProject
Global
	GlobalSection(SolutionConfigurationPlatforms) = preSolution
		Debug|Any CPU = Debug|Any CPU
		Release|Any CPU = Release|Any CPU
	EndGlobalSection
	GlobalSection(ProjectConfigurationPlatforms) = postSolution
		{724A8697-FE28-4CCA-8050-357BFAE0FC85}.Debug|Any CPU.ActiveCfg = Debug|Any CPU
		{724A8697-FE28-4CCA-8050-357BFAE0FC85}.Debug|Any CPU.Build.0 = Debug|Any CPU
		{724A8697-FE28-4CCA-8050-357BFAE0FC85}.Release|Any CPU.ActiveCfg = Release|Any CPU
		{724A8697-FE28-4CCA-8050-357BFAE0FC85}.Release|Any CPU.Build.0 = Release|Any CPU
		{98EA1B30-4D26-4ABB-A218-67C64999AF68}.Debug|Any CPU.ActiveCfg = Debug|Any CPU
		{98EA1B30-4D26-4ABB-A218-67C64999AF68}.Debug|Any CPU.Build.0 = Debug|Any CPU
		{98EA1B30-4D26-4ABB-A218-67C64999AF68}.Release|Any CPU.ActiveCfg = Release|Any CPU
		{98EA1B30-4D26-4ABB-A218-67C64999AF68}.Release|Any CPU.Build.0 = Release|Any CPU
	EndGlobalSection
	GlobalSection(SolutionProperties) = preSolution
		HideSolutionNode = FALSE
	EndGlobalSection
	GlobalSection(ExtensibilityGlobals) = postSolution
		SolutionGuid = {6200F92A-3854-4CA3-B053-E86A7FC86C16}
	EndGlobalSection
EndGlobal
